
Microsoft Visual Studio Solution File, Format Version 12.00
# Visual Studio Version 17
VisualStudioVersion = 17.9.34607.119
MinimumVisualStudioVersion = 10.0.40219.1
Project("{FAE04EC0-301F-11D3-BF4B-00C04F79EFBC}") = "FeitoEmSala_Aula6_Collections_Exceptions", "FeitoEmSala_Aula6_Collections_Exceptions\FeitoEmSala_Aula6_Collections_Exceptions.csproj", "{79A97586-1852-469F-81F8-EAEBC89D8BA3}"
EndProject
Project("{FAE04EC0-301F-11D3-BF4B-00C04F79EFBC}") = "ExemploInternal", "ExemploInternal\ExemploInternal.csproj", "{CBFCFFB6-6273-4520-B5E0-1CB8AD0E0C2F}"
EndProject
Global
	GlobalSection(SolutionConfigurationPlatforms) = preSolution
		Debug|Any CPU = Debug|Any CPU
		Release|Any CPU = Release|Any CPU
	EndGlobalSection
	GlobalSection(ProjectConfigurationPlatforms) = postSolution
		{79A97586-1852-469F-81F8-EAEBC89D8BA3}.Debug|Any CPU.ActiveCfg = Debug|Any CPU
		{79A97586-1852-469F-81F8-EAEBC89D8BA3}.Debug|Any CPU.Build.0 = Debug|Any CPU
		{79A97586-1852-469F-81F8-EAEBC89D8BA3}.Release|Any CPU.ActiveCfg = Release|Any CPU
		{79A97586-1852-469F-81F8-EAEBC89D8BA3}.Release|Any CPU.Build.0 = Release|Any CPU
		{CBFCFFB6-6273-4520-B5E0-1CB8AD0E0C2F}.Debug|Any CPU.ActiveCfg = Debug|Any CPU
		{CBFCFFB6-6273-4520-B5E0-1CB8AD0E0C2F}.Debug|Any CPU.Build.0 = Debug|Any CPU
		{CBFCFFB6-6273-4520-B5E0-1CB8AD0E0C2F}.Release|Any CPU.ActiveCfg = Release|Any CPU
		{CBFCFFB6-6273-4520-B5E0-1CB8AD0E0C2F}.Release|Any CPU.Build.0 = Release|Any CPU
	EndGlobalSection
	GlobalSection(SolutionProperties) = preSolution
		HideSolutionNode = FALSE
	EndGlobalSection
	GlobalSection(ExtensibilityGlobals) = postSolution
		SolutionGuid = {320F9D90-B96C-4731-9F4F-47557C47CD1B}
	EndGlobalSection
EndGlobal
